
Microsoft Visual Studio Solution File, Format Version 12.00
# Visual Studio 14
VisualStudioVersion = 14.0.25420.1
MinimumVisualStudioVersion = 10.0.40219.1
Project("{FAE04EC0-301F-11D3-BF4B-00C04F79EFBC}") = "CQRS.WebAPI", "CQRS.WebAPI\CQRS.WebAPI.csproj", "{758A3FE3-4F9E-45F6-97A2-92797CDB12EC}"
EndProject
Project("{FAE04EC0-301F-11D3-BF4B-00C04F79EFBC}") = "CQRS.Domain", "CQRS.Domain\CQRS.Domain.csproj", "{30BA96A8-0286-4AE5-B5DA-212651C93BD6}"
EndProject
Project("{FAE04EC0-301F-11D3-BF4B-00C04F79EFBC}") = "CQRS.Utils", "CQRS.Utils\CQRS.Utils.csproj", "{827486D2-0B5A-4988-A748-0A78C12380AB}"
EndProject
Project("{FAE04EC0-301F-11D3-BF4B-00C04F79EFBC}") = "CQRS.Queries.InMemory", "CQRS.Queries.InMemory\CQRS.Queries.InMemory.csproj", "{DE0D5591-E7A9-4606-9A94-8A3D356840C9}"
EndProject
Global
	GlobalSection(SolutionConfigurationPlatforms) = preSolution
		Debug|Any CPU = Debug|Any CPU
		Release|Any CPU = Release|Any CPU
	EndGlobalSection
	GlobalSection(ProjectConfigurationPlatforms) = postSolution
		{758A3FE3-4F9E-45F6-97A2-92797CDB12EC}.Debug|Any CPU.ActiveCfg = Debug|Any CPU
		{758A3FE3-4F9E-45F6-97A2-92797CDB12EC}.Debug|Any CPU.Build.0 = Debug|Any CPU
		{758A3FE3-4F9E-45F6-97A2-92797CDB12EC}.Release|Any CPU.ActiveCfg = Release|Any CPU
		{758A3FE3-4F9E-45F6-97A2-92797CDB12EC}.Release|Any CPU.Build.0 = Release|Any CPU
		{30BA96A8-0286-4AE5-B5DA-212651C93BD6}.Debug|Any CPU.ActiveCfg = Debug|Any CPU
		{30BA96A8-0286-4AE5-B5DA-212651C93BD6}.Debug|Any CPU.Build.0 = Debug|Any CPU
		{30BA96A8-0286-4AE5-B5DA-212651C93BD6}.Release|Any CPU.ActiveCfg = Release|Any CPU
		{30BA96A8-0286-4AE5-B5DA-212651C93BD6}.Release|Any CPU.Build.0 = Release|Any CPU
		{827486D2-0B5A-4988-A748-0A78C12380AB}.Debug|Any CPU.ActiveCfg = Debug|Any CPU
		{827486D2-0B5A-4988-A748-0A78C12380AB}.Debug|Any CPU.Build.0 = Debug|Any CPU
		{827486D2-0B5A-4988-A748-0A78C12380AB}.Release|Any CPU.ActiveCfg = Release|Any CPU
		{827486D2-0B5A-4988-A748-0A78C12380AB}.Release|Any CPU.Build.0 = Release|Any CPU
		{DE0D5591-E7A9-4606-9A94-8A3D356840C9}.Debug|Any CPU.ActiveCfg = Debug|Any CPU
		{DE0D5591-E7A9-4606-9A94-8A3D356840C9}.Debug|Any CPU.Build.0 = Debug|Any CPU
		{DE0D5591-E7A9-4606-9A94-8A3D356840C9}.Release|Any CPU.ActiveCfg = Release|Any CPU
		{DE0D5591-E7A9-4606-9A94-8A3D356840C9}.Release|Any CPU.Build.0 = Release|Any CPU
	EndGlobalSection
	GlobalSection(SolutionProperties) = preSolution
		HideSolutionNode = FALSE
	EndGlobalSection
EndGlobal
